{
  "version": 4,
  "terraform_version": "1.5.7",
  "serial": 1,
  "lineage": "2c2f8886-2894-3150-7306-8b140e0724e9",
  "outputs": {},
  "resources": [
    {
      "mode": "managed",
      "type": "local_file",
      "name": "tasks",
      "provider": "provider[\"registry.terraform.io/hashicorp/local\"]",
      "instances": [
        {
          "schema_version": 0,
          "attributes": {
            "content": "# My Tasks\nOranges are orange\nBananas are not",
            "content_base64": null,
            "content_base64sha256": "FIhDzq5/MAbZ5LWRJ4pZ1+FtyLMy9fkCI40QCBUO17s=",
            "content_base64sha512": "3AbU9/E4UkADlM11gDB0aoy7J95FHXQlikk6bP2EdMXmxxl3iE+q4qfUnTaXtdiOV4I9f7rKchy/OgA5T5AsUQ==",
            "content_md5": "bf7c07745437bde10fe8f30bb711f293",
            "content_sha1": "dafd7d71250cded9bd91830cdaaceef054f54abc",
            "content_sha256": "148843ceae7f3006d9e4b591278a59d7e16dc8b332f5f902238d1008150ed7bb",
            "content_sha512": "dc06d4f7f13852400394cd758030746a8cbb27de451d74258a493a6cfd8474c5e6c71977884faae2a7d49d3697b5d88e57823d7fbaca721cbf3a00394f902c51",
            "directory_permission": "0777",
            "file_permission": "0777",
            "filename": "./my_tasks.md",
            "id": "dafd7d71250cded9bd91830cdaaceef054f54abc",
            "sensitive_content": null,
            "source": null
          },
          "sensitive_attributes": []
        }
      ]
    }
  ],
  "check_results": null
}
